
Microsoft Visual Studio Solution File, Format Version 12.00
# Visual Studio Version 17
VisualStudioVersion = 17.2.32630.192
MinimumVisualStudioVersion = 10.0.40219.1
Project("{FAE04EC0-301F-11D3-BF4B-00C04F79EFBC}") = "SocialAuthentication", "SocialAuthentication\SocialAuthentication.csproj", "{B417991B-7CF4-43DD-9CD9-19B8D808B36B}"
EndProject
Global
	GlobalSection(SolutionConfigurationPlatforms) = preSolution
		Debug|Any CPU = Debug|Any CPU
		Release|Any CPU = Release|Any CPU
	EndGlobalSection
	GlobalSection(ProjectConfigurationPlatforms) = postSolution
		{B417991B-7CF4-43DD-9CD9-19B8D808B36B}.Debug|Any CPU.ActiveCfg = Debug|Any CPU
		{B417991B-7CF4-43DD-9CD9-19B8D808B36B}.Debug|Any CPU.Build.0 = Debug|Any CPU
		{B417991B-7CF4-43DD-9CD9-19B8D808B36B}.Release|Any CPU.ActiveCfg = Release|Any CPU
		{B417991B-7CF4-43DD-9CD9-19B8D808B36B}.Release|Any CPU.Build.0 = Release|Any CPU
	EndGlobalSection
	GlobalSection(SolutionProperties) = preSolution
		HideSolutionNode = FALSE
	EndGlobalSection
	GlobalSection(ExtensibilityGlobals) = postSolution
		SolutionGuid = {D50778B5-4DD9-430E-A6EA-A59B8AE8629E}
	EndGlobalSection
EndGlobal
